
Microsoft Visual Studio Solution File, Format Version 12.00
# Visual Studio Version 16
VisualStudioVersion = 16.0.808.0
MinimumVisualStudioVersion = 10.0.40219.1
Project("{FAE04EC0-301F-11D3-BF4B-00C04F79EFBC}") = "testVisibleAndFocus.Android", "testVisibleAndFocus.Android\testVisibleAndFocus.Android.csproj", "{D5A26EA6-5C29-4643-B184-AD52DE144B96}"
EndProject
Project("{FAE04EC0-301F-11D3-BF4B-00C04F79EFBC}") = "testVisibleAndFocus.iOS", "testVisibleAndFocus.iOS\testVisibleAndFocus.iOS.csproj", "{AD2D9380-9212-4ED4-B45E-ABC909949554}"
EndProject
Project("{FAE04EC0-301F-11D3-BF4B-00C04F79EFBC}") = "testVisibleAndFocus", "testVisibleAndFocus\testVisibleAndFocus.csproj", "{6CC4A5F9-2FD8-4000-849F-1790494D3186}"
EndProject
Global
	GlobalSection(SolutionConfigurationPlatforms) = preSolution
		Debug|Any CPU = Debug|Any CPU
		Release|Any CPU = Release|Any CPU
		Debug|iPhoneSimulator = Debug|iPhoneSimulator
		Release|iPhoneSimulator = Release|iPhoneSimulator
		Debug|iPhone = Debug|iPhone
		Release|iPhone = Release|iPhone
	EndGlobalSection
	GlobalSection(ProjectConfigurationPlatforms) = postSolution
		{D5A26EA6-5C29-4643-B184-AD52DE144B96}.Debug|Any CPU.ActiveCfg = Debug|Any CPU
		{D5A26EA6-5C29-4643-B184-AD52DE144B96}.Debug|Any CPU.Build.0 = Debug|Any CPU
		{D5A26EA6-5C29-4643-B184-AD52DE144B96}.Release|Any CPU.ActiveCfg = Release|Any CPU
		{D5A26EA6-5C29-4643-B184-AD52DE144B96}.Release|Any CPU.Build.0 = Release|Any CPU
		{D5A26EA6-5C29-4643-B184-AD52DE144B96}.Debug|iPhoneSimulator.ActiveCfg = Debug|Any CPU
		{D5A26EA6-5C29-4643-B184-AD52DE144B96}.Debug|iPhoneSimulator.Build.0 = Debug|Any CPU
		{D5A26EA6-5C29-4643-B184-AD52DE144B96}.Release|iPhoneSimulator.ActiveCfg = Release|Any CPU
		{D5A26EA6-5C29-4643-B184-AD52DE144B96}.Release|iPhoneSimulator.Build.0 = Release|Any CPU
		{D5A26EA6-5C29-4643-B184-AD52DE144B96}.Debug|iPhone.ActiveCfg = Debug|Any CPU
		{D5A26EA6-5C29-4643-B184-AD52DE144B96}.Debug|iPhone.Build.0 = Debug|Any CPU
		{D5A26EA6-5C29-4643-B184-AD52DE144B96}.Release|iPhone.ActiveCfg = Release|Any CPU
		{D5A26EA6-5C29-4643-B184-AD52DE144B96}.Release|iPhone.Build.0 = Release|Any CPU
		{AD2D9380-9212-4ED4-B45E-ABC909949554}.Debug|Any CPU.ActiveCfg = Debug|iPhoneSimulator
		{AD2D9380-9212-4ED4-B45E-ABC909949554}.Debug|Any CPU.Build.0 = Debug|iPhoneSimulator
		{AD2D9380-9212-4ED4-B45E-ABC909949554}.Release|Any CPU.ActiveCfg = Release|iPhoneSimulator
		{AD2D9380-9212-4ED4-B45E-ABC909949554}.Release|Any CPU.Build.0 = Release|iPhoneSimulator
		{AD2D9380-9212-4ED4-B45E-ABC909949554}.Debug|iPhoneSimulator.ActiveCfg = Debug|iPhoneSimulator
		{AD2D9380-9212-4ED4-B45E-ABC909949554}.Debug|iPhoneSimulator.Build.0 = Debug|iPhoneSimulator
		{AD2D9380-9212-4ED4-B45E-ABC909949554}.Release|iPhoneSimulator.ActiveCfg = Release|iPhoneSimulator
		{AD2D9380-9212-4ED4-B45E-ABC909949554}.Release|iPhoneSimulator.Build.0 = Release|iPhoneSimulator
		{AD2D9380-9212-4ED4-B45E-ABC909949554}.Debug|iPhone.ActiveCfg = Debug|iPhone
		{AD2D9380-9212-4ED4-B45E-ABC909949554}.Debug|iPhone.Build.0 = Debug|iPhone
		{AD2D9380-9212-4ED4-B45E-ABC909949554}.Release|iPhone.ActiveCfg = Release|iPhone
		{AD2D9380-9212-4ED4-B45E-ABC909949554}.Release|iPhone.Build.0 = Release|iPhone
		{6CC4A5F9-2FD8-4000-849F-1790494D3186}.Debug|Any CPU.ActiveCfg = Debug|Any CPU
		{6CC4A5F9-2FD8-4000-849F-1790494D3186}.Debug|Any CPU.Build.0 = Debug|Any CPU
		{6CC4A5F9-2FD8-4000-849F-1790494D3186}.Release|Any CPU.ActiveCfg = Release|Any CPU
		{6CC4A5F9-2FD8-4000-849F-1790494D3186}.Release|Any CPU.Build.0 = Release|Any CPU
		{6CC4A5F9-2FD8-4000-849F-1790494D3186}.Debug|iPhoneSimulator.ActiveCfg = Debug|Any CPU
		{6CC4A5F9-2FD8-4000-849F-1790494D3186}.Debug|iPhoneSimulator.Build.0 = Debug|Any CPU
		{6CC4A5F9-2FD8-4000-849F-1790494D3186}.Release|iPhoneSimulator.ActiveCfg = Release|Any CPU
		{6CC4A5F9-2FD8-4000-849F-1790494D3186}.Release|iPhoneSimulator.Build.0 = Release|Any CPU
		{6CC4A5F9-2FD8-4000-849F-1790494D3186}.Debug|iPhone.ActiveCfg = Debug|Any CPU
		{6CC4A5F9-2FD8-4000-849F-1790494D3186}.Debug|iPhone.Build.0 = Debug|Any CPU
		{6CC4A5F9-2FD8-4000-849F-1790494D3186}.Release|iPhone.ActiveCfg = Release|Any CPU
		{6CC4A5F9-2FD8-4000-849F-1790494D3186}.Release|iPhone.Build.0 = Release|Any CPU
	EndGlobalSection
	GlobalSection(SolutionProperties) = preSolution
		HideSolutionNode = FALSE
	EndGlobalSection
	GlobalSection(ExtensibilityGlobals) = postSolution
		SolutionGuid = {DCEC412A-138E-4838-8FF7-52AF37840448}
	EndGlobalSection
EndGlobal
